
Microsoft Visual Studio Solution File, Format Version 12.00
# Visual Studio Version 16
VisualStudioVersion = 16.0.33529.622
MinimumVisualStudioVersion = 10.0.40219.1
Project("{FAE04EC0-301F-11D3-BF4B-00C04F79EFBC}") = "ConsoleApp Array Assignment", "ConsoleApp Array Assignment\ConsoleApp Array Assignment.csproj", "{76A6F95D-AF9B-4FDB-9DBF-3B82BA8C6CD8}"
EndProject
Global
	GlobalSection(SolutionConfigurationPlatforms) = preSolution
		Debug|Any CPU = Debug|Any CPU
		Release|Any CPU = Release|Any CPU
	EndGlobalSection
	GlobalSection(ProjectConfigurationPlatforms) = postSolution
		{76A6F95D-AF9B-4FDB-9DBF-3B82BA8C6CD8}.Debug|Any CPU.ActiveCfg = Debug|Any CPU
		{76A6F95D-AF9B-4FDB-9DBF-3B82BA8C6CD8}.Debug|Any CPU.Build.0 = Debug|Any CPU
		{76A6F95D-AF9B-4FDB-9DBF-3B82BA8C6CD8}.Release|Any CPU.ActiveCfg = Release|Any CPU
		{76A6F95D-AF9B-4FDB-9DBF-3B82BA8C6CD8}.Release|Any CPU.Build.0 = Release|Any CPU
	EndGlobalSection
	GlobalSection(SolutionProperties) = preSolution
		HideSolutionNode = FALSE
	EndGlobalSection
	GlobalSection(ExtensibilityGlobals) = postSolution
		SolutionGuid = {D3E4FEF1-E498-4552-8FF1-F022CDCD0A9D}
	EndGlobalSection
EndGlobal
