
Microsoft Visual Studio Solution File, Format Version 12.00
# Visual Studio Version 16
VisualStudioVersion = 16.0.33529.622
MinimumVisualStudioVersion = 10.0.40219.1
Project("{FAE04EC0-301F-11D3-BF4B-00C04F79EFBC}") = "ConsoleApplicationAssignment", "ConsoleApplicationAssignment\ConsoleApplicationAssignment.csproj", "{F2A14751-548A-4F41-A8B9-E8D3935F4385}"
EndProject
Global
	GlobalSection(SolutionConfigurationPlatforms) = preSolution
		Debug|Any CPU = Debug|Any CPU
		Release|Any CPU = Release|Any CPU
	EndGlobalSection
	GlobalSection(ProjectConfigurationPlatforms) = postSolution
		{F2A14751-548A-4F41-A8B9-E8D3935F4385}.Debug|Any CPU.ActiveCfg = Debug|Any CPU
		{F2A14751-548A-4F41-A8B9-E8D3935F4385}.Debug|Any CPU.Build.0 = Debug|Any CPU
		{F2A14751-548A-4F41-A8B9-E8D3935F4385}.Release|Any CPU.ActiveCfg = Release|Any CPU
		{F2A14751-548A-4F41-A8B9-E8D3935F4385}.Release|Any CPU.Build.0 = Release|Any CPU
	EndGlobalSection
	GlobalSection(SolutionProperties) = preSolution
		HideSolutionNode = FALSE
	EndGlobalSection
	GlobalSection(ExtensibilityGlobals) = postSolution
		SolutionGuid = {14EBD5FA-13E0-4497-B65F-25E5B6CCDD74}
	EndGlobalSection
EndGlobal
